
Microsoft Visual Studio Solution File, Format Version 12.00
# Visual Studio Version 17
VisualStudioVersion = 17.1.32328.378
MinimumVisualStudioVersion = 10.0.40219.1
Project("{FAE04EC0-301F-11D3-BF4B-00C04F79EFBC}") = "ContactsManager", "ContactsManager\ContactsManager.csproj", "{DC1ECDAF-8C7F-4436-9E6F-71CC22580C5F}"
EndProject
Global
	GlobalSection(SolutionConfigurationPlatforms) = preSolution
		Debug|Any CPU = Debug|Any CPU
		Release|Any CPU = Release|Any CPU
	EndGlobalSection
	GlobalSection(ProjectConfigurationPlatforms) = postSolution
		{DC1ECDAF-8C7F-4436-9E6F-71CC22580C5F}.Debug|Any CPU.ActiveCfg = Debug|Any CPU
		{DC1ECDAF-8C7F-4436-9E6F-71CC22580C5F}.Debug|Any CPU.Build.0 = Debug|Any CPU
		{DC1ECDAF-8C7F-4436-9E6F-71CC22580C5F}.Release|Any CPU.ActiveCfg = Release|Any CPU
		{DC1ECDAF-8C7F-4436-9E6F-71CC22580C5F}.Release|Any CPU.Build.0 = Release|Any CPU
	EndGlobalSection
	GlobalSection(SolutionProperties) = preSolution
		HideSolutionNode = FALSE
	EndGlobalSection
	GlobalSection(ExtensibilityGlobals) = postSolution
		SolutionGuid = {FC6C2B3A-45C5-4E0D-8AB0-4D886D2F3EA3}
	EndGlobalSection
EndGlobal
